
Microsoft Visual Studio Solution File, Format Version 12.00
# Visual Studio Version 17
VisualStudioVersion = 17.6.33723.286
MinimumVisualStudioVersion = 10.0.40219.1
Project("{FAE04EC0-301F-11D3-BF4B-00C04F79EFBC}") = "Ex4.1Employes-Solution", "Ex4.1Employes-Solution\Ex4.1Employes-Solution.csproj", "{E3BC86DC-B9DB-4128-B1C0-6798AA9BB0EB}"
EndProject
Project("{FAE04EC0-301F-11D3-BF4B-00C04F79EFBC}") = "TestProjetEmploye", "TestProjetEmploye\TestProjetEmploye.csproj", "{06D58493-D631-4D07-9795-136CA50755FE}"
EndProject
Global
	GlobalSection(SolutionConfigurationPlatforms) = preSolution
		Debug|Any CPU = Debug|Any CPU
		Release|Any CPU = Release|Any CPU
	EndGlobalSection
	GlobalSection(ProjectConfigurationPlatforms) = postSolution
		{E3BC86DC-B9DB-4128-B1C0-6798AA9BB0EB}.Debug|Any CPU.ActiveCfg = Debug|Any CPU
		{E3BC86DC-B9DB-4128-B1C0-6798AA9BB0EB}.Debug|Any CPU.Build.0 = Debug|Any CPU
		{E3BC86DC-B9DB-4128-B1C0-6798AA9BB0EB}.Release|Any CPU.ActiveCfg = Release|Any CPU
		{E3BC86DC-B9DB-4128-B1C0-6798AA9BB0EB}.Release|Any CPU.Build.0 = Release|Any CPU
		{06D58493-D631-4D07-9795-136CA50755FE}.Debug|Any CPU.ActiveCfg = Debug|Any CPU
		{06D58493-D631-4D07-9795-136CA50755FE}.Debug|Any CPU.Build.0 = Debug|Any CPU
		{06D58493-D631-4D07-9795-136CA50755FE}.Release|Any CPU.ActiveCfg = Release|Any CPU
		{06D58493-D631-4D07-9795-136CA50755FE}.Release|Any CPU.Build.0 = Release|Any CPU
	EndGlobalSection
	GlobalSection(SolutionProperties) = preSolution
		HideSolutionNode = FALSE
	EndGlobalSection
	GlobalSection(ExtensibilityGlobals) = postSolution
		SolutionGuid = {252A608C-DD68-40F5-996F-5F3F85B39A32}
	EndGlobalSection
EndGlobal
